
Microsoft Visual Studio Solution File, Format Version 12.00
# Visual Studio 15
VisualStudioVersion = 15.0.28307.902
MinimumVisualStudioVersion = 10.0.40219.1
Project("{9A19103F-16F7-4668-BE54-9A1E7A4F7556}") = "TwitAnalyzer", "TwitAnalyzer\TwitAnalyzer.csproj", "{CE8251ED-EC8A-462B-992C-12EC3D395CC7}"
EndProject
Project("{2150E333-8FDC-42A3-9474-1A3956D46DE8}") = "1 - Domain", "1 - Domain", "{20F45118-208F-4B66-BB57-2AB999507C40}"
EndProject
Project("{2150E333-8FDC-42A3-9474-1A3956D46DE8}") = "0 - Common", "0 - Common", "{5C09C876-BC90-4C8A-8A32-E3AC7E3E9BA7}"
EndProject
Project("{2150E333-8FDC-42A3-9474-1A3956D46DE8}") = "3 - Azure functions", "3 - Azure functions", "{53B3A429-90C6-4171-A410-9DE84A002A4F}"
EndProject
Project("{2150E333-8FDC-42A3-9474-1A3956D46DE8}") = "2 - Application", "2 - Application", "{0D0D54B2-E26F-4B4B-A41E-33C7A85DCD79}"
EndProject
Project("{9A19103F-16F7-4668-BE54-9A1E7A4F7556}") = "TwitAnalyzer.Domain", "TwitAnalyzer.Domain\TwitAnalyzer.Domain.csproj", "{F4E87F8B-87DA-408F-BE5C-CEA6708E8471}"
EndProject
Project("{9A19103F-16F7-4668-BE54-9A1E7A4F7556}") = "TwitAnalyzer.Application", "TwitAnalyzer.Application\TwitAnalyzer.Application.csproj", "{16F79294-68B0-4764-95DC-6833C9B699A9}"
EndProject
Project("{9A19103F-16F7-4668-BE54-9A1E7A4F7556}") = "NaiveBayesAnalyzer", "NaiveBayesAnalyzer\NaiveBayesAnalyzer.csproj", "{1B231755-744F-4CF5-9CD9-D3EA51D9EC02}"
EndProject
Project("{FAE04EC0-301F-11D3-BF4B-00C04F79EFBC}") = "MachineLearningAnalyzer", "MachineLearningAnalyzer\MachineLearningAnalyzer.csproj", "{F307DD3F-4B87-4756-B8FF-DA1D57CFC28F}"
EndProject
Global
	GlobalSection(SolutionConfigurationPlatforms) = preSolution
		Debug|Any CPU = Debug|Any CPU
		Release|Any CPU = Release|Any CPU
	EndGlobalSection
	GlobalSection(ProjectConfigurationPlatforms) = postSolution
		{CE8251ED-EC8A-462B-992C-12EC3D395CC7}.Debug|Any CPU.ActiveCfg = Debug|Any CPU
		{CE8251ED-EC8A-462B-992C-12EC3D395CC7}.Debug|Any CPU.Build.0 = Debug|Any CPU
		{CE8251ED-EC8A-462B-992C-12EC3D395CC7}.Release|Any CPU.ActiveCfg = Release|Any CPU
		{CE8251ED-EC8A-462B-992C-12EC3D395CC7}.Release|Any CPU.Build.0 = Release|Any CPU
		{F4E87F8B-87DA-408F-BE5C-CEA6708E8471}.Debug|Any CPU.ActiveCfg = Debug|Any CPU
		{F4E87F8B-87DA-408F-BE5C-CEA6708E8471}.Debug|Any CPU.Build.0 = Debug|Any CPU
		{F4E87F8B-87DA-408F-BE5C-CEA6708E8471}.Release|Any CPU.ActiveCfg = Release|Any CPU
		{F4E87F8B-87DA-408F-BE5C-CEA6708E8471}.Release|Any CPU.Build.0 = Release|Any CPU
		{16F79294-68B0-4764-95DC-6833C9B699A9}.Debug|Any CPU.ActiveCfg = Debug|Any CPU
		{16F79294-68B0-4764-95DC-6833C9B699A9}.Debug|Any CPU.Build.0 = Debug|Any CPU
		{16F79294-68B0-4764-95DC-6833C9B699A9}.Release|Any CPU.ActiveCfg = Release|Any CPU
		{16F79294-68B0-4764-95DC-6833C9B699A9}.Release|Any CPU.Build.0 = Release|Any CPU
		{1B231755-744F-4CF5-9CD9-D3EA51D9EC02}.Debug|Any CPU.ActiveCfg = Debug|Any CPU
		{1B231755-744F-4CF5-9CD9-D3EA51D9EC02}.Debug|Any CPU.Build.0 = Debug|Any CPU
		{1B231755-744F-4CF5-9CD9-D3EA51D9EC02}.Release|Any CPU.ActiveCfg = Release|Any CPU
		{1B231755-744F-4CF5-9CD9-D3EA51D9EC02}.Release|Any CPU.Build.0 = Release|Any CPU
		{F307DD3F-4B87-4756-B8FF-DA1D57CFC28F}.Debug|Any CPU.ActiveCfg = Debug|Any CPU
		{F307DD3F-4B87-4756-B8FF-DA1D57CFC28F}.Debug|Any CPU.Build.0 = Debug|Any CPU
		{F307DD3F-4B87-4756-B8FF-DA1D57CFC28F}.Release|Any CPU.ActiveCfg = Release|Any CPU
		{F307DD3F-4B87-4756-B8FF-DA1D57CFC28F}.Release|Any CPU.Build.0 = Release|Any CPU
	EndGlobalSection
	GlobalSection(SolutionProperties) = preSolution
		HideSolutionNode = FALSE
	EndGlobalSection
	GlobalSection(NestedProjects) = preSolution
		{CE8251ED-EC8A-462B-992C-12EC3D395CC7} = {53B3A429-90C6-4171-A410-9DE84A002A4F}
		{F4E87F8B-87DA-408F-BE5C-CEA6708E8471} = {20F45118-208F-4B66-BB57-2AB999507C40}
		{16F79294-68B0-4764-95DC-6833C9B699A9} = {0D0D54B2-E26F-4B4B-A41E-33C7A85DCD79}
		{1B231755-744F-4CF5-9CD9-D3EA51D9EC02} = {0D0D54B2-E26F-4B4B-A41E-33C7A85DCD79}
		{F307DD3F-4B87-4756-B8FF-DA1D57CFC28F} = {0D0D54B2-E26F-4B4B-A41E-33C7A85DCD79}
	EndGlobalSection
	GlobalSection(ExtensibilityGlobals) = postSolution
		SolutionGuid = {BA2B728A-6546-417C-A1A2-A66E78AB4F20}
	EndGlobalSection
EndGlobal
